// !$*UTF8*$!
{
	archiveVersion = 1;
	classes = {
	};
	objectVersion = 50;
	objects = {

/* Begin PBXBuildFile section */
		F810E7A7207179D700326800 /* AppDelegate.swift in Sources */ = {isa = PBXBuildFile; fileRef = F810E7A6207179D700326800 /* AppDelegate.swift */; };
		F810E7A9207179D700326800 /* ViewController.swift in Sources */ = {isa = PBXBuildFile; fileRef = F810E7A8207179D700326800 /* ViewController.swift */; };
		F810E7AC207179D700326800 /* Main.storyboard in Resources */ = {isa = PBXBuildFile; fileRef = F810E7AA207179D700326800 /* Main.storyboard */; };
		F810E7AE207179DA00326800 /* Assets.xcassets in Resources */ = {isa = PBXBuildFile; fileRef = F810E7AD207179DA00326800 /* Assets.xcassets */; };
		F810E7B1207179DA00326800 /* LaunchScreen.storyboard in Resources */ = {isa = PBXBuildFile; fileRef = F810E7AF207179DA00326800 /* LaunchScreen.storyboard */; };
		F810E7BC207179DA00326800 /* pokedexTests.swift in Sources */ = {isa = PBXBuildFile; fileRef = F810E7BB207179DA00326800 /* pokedexTests.swift */; };
		F810E7C7207179DA00326800 /* pokedexUITests.swift in Sources */ = {isa = PBXBuildFile; fileRef = F810E7C6207179DA00326800 /* pokedexUITests.swift */; };
		F810E7D520717CFA00326800 /* pokemon.csv in Resources */ = {isa = PBXBuildFile; fileRef = F810E7D420717CF900326800 /* pokemon.csv */; };
		F810E7D820717D7A00326800 /* Pokemon.swift in Sources */ = {isa = PBXBuildFile; fileRef = F810E7D720717D7A00326800 /* Pokemon.swift */; };
		F810E7DB2071893E00326800 /* PokeCell.swift in Sources */ = {isa = PBXBuildFile; fileRef = F810E7DA2071893E00326800 /* PokeCell.swift */; };
		F810E7DF2071913000326800 /* csv.swift in Sources */ = {isa = PBXBuildFile; fileRef = F810E7DE2071913000326800 /* csv.swift */; };
/* End PBXBuildFile section */

/* Begin PBXContainerItemProxy section */
		F810E7B8207179DA00326800 /* PBXContainerItemProxy */ = {
			isa = PBXContainerItemProxy;
			containerPortal = F810E79B207179D600326800 /* Project object */;
			proxyType = 1;
			remoteGlobalIDString = F810E7A2207179D600326800;
			remoteInfo = pokedex;
		};
		F810E7C3207179DA00326800 /* PBXContainerItemProxy */ = {
			isa = PBXContainerItemProxy;
			containerPortal = F810E79B207179D600326800 /* Project object */;
			proxyType = 1;
			remoteGlobalIDString = F810E7A2207179D600326800;
			remoteInfo = pokedex;
		};
/* End PBXContainerItemProxy section */

/* Begin PBXFileReference section */
		F810E7A3207179D600326800 /* pokedex.app */ = {isa = PBXFileReference; explicitFileType = wrapper.application; includeInIndex = 0; path = pokedex.app; sourceTree = BUILT_PRODUCTS_DIR; };
		F810E7A6207179D700326800 /* AppDelegate.swift */ = {isa = PBXFileReference; lastKnownFileType = sourcecode.swift; path = AppDelegate.swift; sourceTree = "<group>"; };
		F810E7A8207179D700326800 /* ViewController.swift */ = {isa = PBXFileReference; lastKnownFileType = sourcecode.swift; path = ViewController.swift; sourceTree = "<group>"; };
		F810E7AB207179D700326800 /* Base */ = {isa = PBXFileReference; lastKnownFileType = file.storyboard; name = Base; path = Base.lproj/Main.storyboard; sourceTree = "<group>"; };
		F810E7AD207179DA00326800 /* Assets.xcassets */ = {isa = PBXFileReference; lastKnownFileType = folder.assetcatalog; path = Assets.xcassets; sourceTree = "<group>"; };
		F810E7B0207179DA00326800 /* Base */ = {isa = PBXFileReference; lastKnownFileType = file.storyboard; name = Base; path = Base.lproj/LaunchScreen.storyboard; sourceTree = "<group>"; };
		F810E7B2207179DA00326800 /* Info.plist */ = {isa = PBXFileReference; lastKnownFileType = text.plist.xml; path = Info.plist; sourceTree = "<group>"; };
		F810E7B7207179DA00326800 /* pokedexTests.xctest */ = {isa = PBXFileReference; explicitFileType = wrapper.cfbundle; includeInIndex = 0; path = pokedexTests.xctest; sourceTree = BUILT_PRODUCTS_DIR; };
		F810E7BB207179DA00326800 /* pokedexTests.swift */ = {isa = PBXFileReference; lastKnownFileType = sourcecode.swift; path = pokedexTests.swift; sourceTree = "<group>"; };
		F810E7BD207179DA00326800 /* Info.plist */ = {isa = PBXFileReference; lastKnownFileType = text.plist.xml; path = Info.plist; sourceTree = "<group>"; };
		F810E7C2207179DA00326800 /* pokedexUITests.xctest */ = {isa = PBXFileReference; explicitFileType = wrapper.cfbundle; includeInIndex = 0; path = pokedexUITests.xctest; sourceTree = BUILT_PRODUCTS_DIR; };
		F810E7C6207179DA00326800 /* pokedexUITests.swift */ = {isa = PBXFileReference; lastKnownFileType = sourcecode.swift; path = pokedexUITests.swift; sourceTree = "<group>"; };
		F810E7C8207179DA00326800 /* Info.plist */ = {isa = PBXFileReference; lastKnownFileType = text.plist.xml; path = Info.plist; sourceTree = "<group>"; };
		F810E7D420717CF900326800 /* pokemon.csv */ = {isa = PBXFileReference; fileEncoding = 4; lastKnownFileType = text; path = pokemon.csv; sourceTree = "<group>"; };
		F810E7D720717D7A00326800 /* Pokemon.swift */ = {isa = PBXFileReference; lastKnownFileType = sourcecode.swift; path = Pokemon.swift; sourceTree = "<group>"; };
		F810E7DA2071893E00326800 /* PokeCell.swift */ = {isa = PBXFileReference; lastKnownFileType = sourcecode.swift; path = PokeCell.swift; sourceTree = "<group>"; };
		F810E7DE2071913000326800 /* csv.swift */ = {isa = PBXFileReference; fileEncoding = 4; lastKnownFileType = sourcecode.swift; path = csv.swift; sourceTree = "<group>"; };
/* End PBXFileReference section */

/* Begin PBXFrameworksBuildPhase section */
		F810E7A0207179D600326800 /* Frameworks */ = {
			isa = PBXFrameworksBuildPhase;
			buildActionMask = 2147483647;
			files = (
			);
			runOnlyForDeploymentPostprocessing = 0;
		};
		F810E7B4207179DA00326800 /* Frameworks */ = {
			isa = PBXFrameworksBuildPhase;
			buildActionMask = 2147483647;
			files = (
			);
			runOnlyForDeploymentPostprocessing = 0;
		};
		F810E7BF207179DA00326800 /* Frameworks */ = {
			isa = PBXFrameworksBuildPhase;
			buildActionMask = 2147483647;
			files = (
			);
			runOnlyForDeploymentPostprocessing = 0;
		};
/* End PBXFrameworksBuildPhase section */

/* Begin PBXGroup section */
		F810E79A207179D600326800 = {
			isa = PBXGroup;
			children = (
				F810E7A5207179D600326800 /* pokedex */,
				F810E7BA207179DA00326800 /* pokedexTests */,
				F810E7C5207179DA00326800 /* pokedexUITests */,
				F810E7A4207179D600326800 /* Products */,
			);
			sourceTree = "<group>";
		};
		F810E7A4207179D600326800 /* Products */ = {
			isa = PBXGroup;
			children = (
				F810E7A3207179D600326800 /* pokedex.app */,
				F810E7B7207179DA00326800 /* pokedexTests.xctest */,
				F810E7C2207179DA00326800 /* pokedexUITests.xctest */,
			);
			name = Products;
			sourceTree = "<group>";
		};
		F810E7A5207179D600326800 /* pokedex */ = {
			isa = PBXGroup;
			children = (
				F810E7D92071892400326800 /* View */,
				F810E7D620717D6C00326800 /* Model */,
				F810E7A6207179D700326800 /* AppDelegate.swift */,
				F810E7A8207179D700326800 /* ViewController.swift */,
				F810E7AA207179D700326800 /* Main.storyboard */,
				F810E7AD207179DA00326800 /* Assets.xcassets */,
				F810E7D420717CF900326800 /* pokemon.csv */,
				F810E7DE2071913000326800 /* csv.swift */,
				F810E7AF207179DA00326800 /* LaunchScreen.storyboard */,
				F810E7B2207179DA00326800 /* Info.plist */,
			);
			path = pokedex;
			sourceTree = "<group>";
		};
		F810E7BA207179DA00326800 /* pokedexTests */ = {
			isa = PBXGroup;
			children = (
				F810E7BB207179DA00326800 /* pokedexTests.swift */,
				F810E7BD207179DA00326800 /* Info.plist */,
			);
			path = pokedexTests;
			sourceTree = "<group>";
		};
		F810E7C5207179DA00326800 /* pokedexUITests */ = {
			isa = PBXGroup;
			children = (
				F810E7C6207179DA00326800 /* pokedexUITests.swift */,
				F810E7C8207179DA00326800 /* Info.plist */,
			);
			path = pokedexUITests;
			sourceTree = "<group>";
		};
		F810E7D620717D6C00326800 /* Model */ = {
			isa = PBXGroup;
			children = (
				F810E7D720717D7A00326800 /* Pokemon.swift */,
			);
			path = Model;
			sourceTree = "<group>";
		};
		F810E7D92071892400326800 /* View */ = {
			isa = PBXGroup;
			children = (
				F810E7DA2071893E00326800 /* PokeCell.swift */,
			);
			path = View;
			sourceTree = "<group>";
		};
/* End PBXGroup section */

/* Begin PBXNativeTarget section */
		F810E7A2207179D600326800 /* pokedex */ = {
			isa = PBXNativeTarget;
			buildConfigurationList = F810E7CB207179DA00326800 /* Build configuration list for PBXNativeTarget "pokedex" */;
			buildPhases = (
				F810E79F207179D600326800 /* Sources */,
				F810E7A0207179D600326800 /* Frameworks */,
				F810E7A1207179D600326800 /* Resources */,
			);
			buildRules = (
			);
			dependencies = (
			);
			name = pokedex;
			productName = pokedex;
			productReference = F810E7A3207179D600326800 /* pokedex.app */;
			productType = "com.apple.product-type.application";
		};
		F810E7B6207179DA00326800 /* pokedexTests */ = {
			isa = PBXNativeTarget;
			buildConfigurationList = F810E7CE207179DA00326800 /* Build configuration list for PBXNativeTarget "pokedexTests" */;
			buildPhases = (
				F810E7B3207179DA00326800 /* Sources */,
				F810E7B4207179DA00326800 /* Frameworks */,
				F810E7B5207179DA00326800 /* Resources */,
			);
			buildRules = (
			);
			dependencies = (
				F810E7B9207179DA00326800 /* PBXTargetDependency */,
			);
			name = pokedexTests;
			productName = pokedexTests;
			productReference = F810E7B7207179DA00326800 /* pokedexTests.xctest */;
			productType = "com.apple.product-type.bundle.unit-test";
		};
		F810E7C1207179DA00326800 /* pokedexUITests */ = {
			isa = PBXNativeTarget;
			buildConfigurationList = F810E7D1207179DA00326800 /* Build configuration list for PBXNativeTarget "pokedexUITests" */;
			buildPhases = (
				F810E7BE207179DA00326800 /* Sources */,
				F810E7BF207179DA00326800 /* Frameworks */,
				F810E7C0207179DA00326800 /* Resources */,
			);
			buildRules = (
			);
			dependencies = (
				F810E7C4207179DA00326800 /* PBXTargetDependency */,
			);
			name = pokedexUITests;
			productName = pokedexUITests;
			productReference = F810E7C2207179DA00326800 /* pokedexUITests.xctest */;
			productType = "com.apple.product-type.bundle.ui-testing";
		};
/* End PBXNativeTarget section */

/* Begin PBXProject section */
		F810E79B207179D600326800 /* Project object */ = {
			isa = PBXProject;
			attributes = {
				LastSwiftUpdateCheck = 0930;
				LastUpgradeCheck = 0930;
				ORGANIZATIONNAME = "Andrew Miller";
				TargetAttributes = {
					F810E7A2207179D600326800 = {
						CreatedOnToolsVersion = 9.3;
					};
					F810E7B6207179DA00326800 = {
						CreatedOnToolsVersion = 9.3;
						TestTargetID = F810E7A2207179D600326800;
					};
					F810E7C1207179DA00326800 = {
						CreatedOnToolsVersion = 9.3;
						TestTargetID = F810E7A2207179D600326800;
					};
				};
			};
			buildConfigurationList = F810E79E207179D600326800 /* Build configuration list for PBXProject "pokedex" */;
			compatibilityVersion = "Xcode 9.3";
			developmentRegion = en;
			hasScannedForEncodings = 0;
			knownRegions = (
				en,
				Base,
			);
			mainGroup = F810E79A207179D600326800;
			productRefGroup = F810E7A4207179D600326800 /* Products */;
			projectDirPath = "";
			projectRoot = "";
			targets = (
				F810E7A2207179D600326800 /* pokedex */,
				F810E7B6207179DA00326800 /* pokedexTests */,
				F810E7C1207179DA00326800 /* pokedexUITests */,
			);
		};
/* End PBXProject section */

/* Begin PBXResourcesBuildPhase section */
		F810E7A1207179D600326800 /* Resources */ = {
			isa = PBXResourcesBuildPhase;
			buildActionMask = 2147483647;
			files = (
				F810E7B1207179DA00326800 /* LaunchScreen.storyboard in Resources */,
				F810E7AE207179DA00326800 /* Assets.xcassets in Resources */,
				F810E7D520717CFA00326800 /* pokemon.csv in Resources */,
				F810E7AC207179D700326800 /* Main.storyboard in Resources */,
			);
			runOnlyForDeploymentPostprocessing = 0;
		};
		F810E7B5207179DA00326800 /* Resources */ = {
			isa = PBXResourcesBuildPhase;
			buildActionMask = 2147483647;
			files = (
			);
			runOnlyForDeploymentPostprocessing = 0;
		};
		F810E7C0207179DA00326800 /* Resources */ = {
			isa = PBXResourcesBuildPhase;
			buildActionMask = 2147483647;
			files = (
			);
			runOnlyForDeploymentPostprocessing = 0;
		};
/* End PBXResourcesBuildPhase section */

/* Begin PBXSourcesBuildPhase section */
		F810E79F207179D600326800 /* Sources */ = {
			isa = PBXSourcesBuildPhase;
			buildActionMask = 2147483647;
			files = (
				F810E7DB2071893E00326800 /* PokeCell.swift in Sources */,
				F810E7A9207179D700326800 /* ViewController.swift in Sources */,
				F810E7A7207179D700326800 /* AppDelegate.swift in Sources */,
				F810E7D820717D7A00326800 /* Pokemon.swift in Sources */,
				F810E7DF2071913000326800 /* csv.swift in Sources */,
			);
			runOnlyForDeploymentPostprocessing = 0;
		};
		F810E7B3207179DA00326800 /* Sources */ = {
			isa = PBXSourcesBuildPhase;
			buildActionMask = 2147483647;
			files = (
				F810E7BC207179DA00326800 /* pokedexTests.swift in Sources */,
			);
			runOnlyForDeploymentPostprocessing = 0;
		};
		F810E7BE207179DA00326800 /* Sources */ = {
			isa = PBXSourcesBuildPhase;
			buildActionMask = 2147483647;
			files = (
				F810E7C7207179DA00326800 /* pokedexUITests.swift in Sources */,
			);
			runOnlyForDeploymentPostprocessing = 0;
		};
/* End PBXSourcesBuildPhase section */

/* Begin PBXTargetDependency section */
		F810E7B9207179DA00326800 /* PBXTargetDependency */ = {
			isa = PBXTargetDependency;
			target = F810E7A2207179D600326800 /* pokedex */;
			targetProxy = F810E7B8207179DA00326800 /* PBXContainerItemProxy */;
		};
		F810E7C4207179DA00326800 /* PBXTargetDependency */ = {
			isa = PBXTargetDependency;
			target = F810E7A2207179D600326800 /* pokedex */;
			targetProxy = F810E7C3207179DA00326800 /* PBXContainerItemProxy */;
		};
/* End PBXTargetDependency section */

/* Begin PBXVariantGroup section */
		F810E7AA207179D700326800 /* Main.storyboard */ = {
			isa = PBXVariantGroup;
			children = (
				F810E7AB207179D700326800 /* Base */,
			);
			name = Main.storyboard;
			sourceTree = "<group>";
		};
		F810E7AF207179DA00326800 /* LaunchScreen.storyboard */ = {
			isa = PBXVariantGroup;
			children = (
				F810E7B0207179DA00326800 /* Base */,
			);
			name = LaunchScreen.storyboard;
			sourceTree = "<group>";
		};
/* End PBXVariantGroup section */

/* Begin XCBuildConfiguration section */
		F810E7C9207179DA00326800 /* Debug */ = {
			isa = XCBuildConfiguration;
			buildSettings = {
				ALWAYS_SEARCH_USER_PATHS = NO;
				CLANG_ANALYZER_NONNULL = YES;
				CLANG_ANALYZER_NUMBER_OBJECT_CONVERSION = YES_AGGRESSIVE;
				CLANG_CXX_LANGUAGE_STANDARD = "gnu++14";
				CLANG_CXX_LIBRARY = "libc++";
				CLANG_ENABLE_MODULES = YES;
				CLANG_ENABLE_OBJC_ARC = YES;
				CLANG_ENABLE_OBJC_WEAK = YES;
				CLANG_WARN_BLOCK_CAPTURE_AUTORELEASING = YES;
				CLANG_WARN_BOOL_CONVERSION = YES;
				CLANG_WARN_COMMA = YES;
				CLANG_WARN_CONSTANT_CONVERSION = YES;
				CLANG_WARN_DEPRECATED_OBJC_IMPLEMENTATIONS = YES;
				CLANG_WARN_DIRECT_OBJC_ISA_USAGE = YES_ERROR;
				CLANG_WARN_DOCUMENTATION_COMMENTS = YES;
				CLANG_WARN_EMPTY_BODY = YES;
				CLANG_WARN_ENUM_CONVERSION = YES;
				CLANG_WARN_INFINITE_RECURSION = YES;
				CLANG_WARN_INT_CONVERSION = YES;
				CLANG_WARN_NON_LITERAL_NULL_CONVERSION = YES;
				CLANG_WARN_OBJC_IMPLICIT_RETAIN_SELF = YES;
				CLANG_WARN_OBJC_LITERAL_CONVERSION = YES;
				CLANG_WARN_OBJC_ROOT_CLASS = YES_ERROR;
				CLANG_WARN_RANGE_LOOP_ANALYSIS = YES;
				CLANG_WARN_STRICT_PROTOTYPES = YES;
				CLANG_WARN_SUSPICIOUS_MOVE = YES;
				CLANG_WARN_UNGUARDED_AVAILABILITY = YES_AGGRESSIVE;
				CLANG_WARN_UNREACHABLE_CODE = YES;
				CLANG_WARN__DUPLICATE_METHOD_MATCH = YES;
				CODE_SIGN_IDENTITY = "iPhone Developer";
				COPY_PHASE_STRIP = NO;
				DEBUG_INFORMATION_FORMAT = dwarf;
				ENABLE_STRICT_OBJC_MSGSEND = YES;
				ENABLE_TESTABILITY = YES;
				GCC_C_LANGUAGE_STANDARD = gnu11;
				GCC_DYNAMIC_NO_PIC = NO;
				GCC_NO_COMMON_BLOCKS = YES;
				GCC_OPTIMIZATION_LEVEL = 0;
				GCC_PREPROCESSOR_DEFINITIONS = (
					"DEBUG=1",
					"$(inherited)",
				);
				GCC_WARN_64_TO_32_BIT_CONVERSION = YES;
				GCC_WARN_ABOUT_RETURN_TYPE = YES_ERROR;
				GCC_WARN_UNDECLARED_SELECTOR = YES;
				GCC_WARN_UNINITIALIZED_AUTOS = YES_AGGRESSIVE;
				GCC_WARN_UNUSED_FUNCTION = YES;
				GCC_WARN_UNUSED_VARIABLE = YES;
				IPHONEOS_DEPLOYMENT_TARGET = 11.3;
				MTL_ENABLE_DEBUG_INFO = YES;
				ONLY_ACTIVE_ARCH = YES;
				SDKROOT = iphoneos;
				SWIFT_ACTIVE_COMPILATION_CONDITIONS = DEBUG;
				SWIFT_OPTIMIZATION_LEVEL = "-Onone";
			};
			name = Debug;
		};
		F810E7CA207179DA00326800 /* Release */ = {
			isa = XCBuildConfiguration;
			buildSettings = {
				ALWAYS_SEARCH_USER_PATHS = NO;
				CLANG_ANALYZER_NONNULL = YES;
				CLANG_ANALYZER_NUMBER_OBJECT_CONVERSION = YES_AGGRESSIVE;
				CLANG_CXX_LANGUAGE_STANDARD = "gnu++14";
				CLANG_CXX_LIBRARY = "libc++";
				CLANG_ENABLE_MODULES = YES;
				CLANG_ENABLE_OBJC_ARC = YES;
				CLANG_ENABLE_OBJC_WEAK = YES;
				CLANG_WARN_BLOCK_CAPTURE_AUTORELEASING = YES;
				CLANG_WARN_BOOL_CONVERSION = YES;
				CLANG_WARN_COMMA = YES;
				CLANG_WARN_CONSTANT_CONVERSION = YES;
				CLANG_WARN_DEPRECATED_OBJC_IMPLEMENTATIONS = YES;
				CLANG_WARN_DIRECT_OBJC_ISA_USAGE = YES_ERROR;
				CLANG_WARN_DOCUMENTATION_COMMENTS = YES;
				CLANG_WARN_EMPTY_BODY = YES;
				CLANG_WARN_ENUM_CONVERSION = YES;
				CLANG_WARN_INFINITE_RECURSION = YES;
				CLANG_WARN_INT_CONVERSION = YES;
				CLANG_WARN_NON_LITERAL_NULL_CONVERSION = YES;
				CLANG_WARN_OBJC_IMPLICIT_RETAIN_SELF = YES;
				CLANG_WARN_OBJC_LITERAL_CONVERSION = YES;
				CLANG_WARN_OBJC_ROOT_CLASS = YES_ERROR;
				CLANG_WARN_RANGE_LOOP_ANALYSIS = YES;
				CLANG_WARN_STRICT_PROTOTYPES = YES;
				CLANG_WARN_SUSPICIOUS_MOVE = YES;
				CLANG_WARN_UNGUARDED_AVAILABILITY = YES_AGGRESSIVE;
				CLANG_WARN_UNREACHABLE_CODE = YES;
				CLANG_WARN__DUPLICATE_METHOD_MATCH = YES;
				CODE_SIGN_IDENTITY = "iPhone Developer";
				COPY_PHASE_STRIP = NO;
				DEBUG_INFORMATION_FORMAT = "dwarf-with-dsym";
				ENABLE_NS_ASSERTIONS = NO;
				ENABLE_STRICT_OBJC_MSGSEND = YES;
				GCC_C_LANGUAGE_STANDARD = gnu11;
				GCC_NO_COMMON_BLOCKS = YES;
				GCC_WARN_64_TO_32_BIT_CONVERSION = YES;
				GCC_WARN_ABOUT_RETURN_TYPE = YES_ERROR;
				GCC_WARN_UNDECLARED_SELECTOR = YES;
				GCC_WARN_UNINITIALIZED_AUTOS = YES_AGGRESSIVE;
				GCC_WARN_UNUSED_FUNCTION = YES;
				GCC_WARN_UNUSED_VARIABLE = YES;
				IPHONEOS_DEPLOYMENT_TARGET = 11.3;
				MTL_ENABLE_DEBUG_INFO = NO;
				SDKROOT = iphoneos;
				SWIFT_COMPILATION_MODE = wholemodule;
				SWIFT_OPTIMIZATION_LEVEL = "-O";
				VALIDATE_PRODUCT = YES;
			};
			name = Release;
		};
		F810E7CC207179DA00326800 /* Debug */ = {
			isa = XCBuildConfiguration;
			buildSettings = {
				ASSETCATALOG_COMPILER_APPICON_NAME = AppIcon;
				CODE_SIGN_STYLE = Automatic;
				DEVELOPMENT_TEAM = 67H43KT2PM;
				INFOPLIST_FILE = pokedex/Info.plist;
				LD_RUNPATH_SEARCH_PATHS = (
					"$(inherited)",
					"@executable_path/Frameworks",
				);
				PRODUCT_BUNDLE_IDENTIFIER = com.andrewmiller167.pokedex;
				PRODUCT_NAME = "$(TARGET_NAME)";
				SWIFT_VERSION = 4.0;
				TARGETED_DEVICE_FAMILY = "1,2";
			};
			name = Debug;
		};
		F810E7CD207179DA00326800 /* Release */ = {
			isa = XCBuildConfiguration;
			buildSettings = {
				ASSETCATALOG_COMPILER_APPICON_NAME = AppIcon;
				CODE_SIGN_STYLE = Automatic;
				DEVELOPMENT_TEAM = 67H43KT2PM;
				INFOPLIST_FILE = pokedex/Info.plist;
				LD_RUNPATH_SEARCH_PATHS = (
					"$(inherited)",
					"@executable_path/Frameworks",
				);
				PRODUCT_BUNDLE_IDENTIFIER = com.andrewmiller167.pokedex;
				PRODUCT_NAME = "$(TARGET_NAME)";
				SWIFT_VERSION = 4.0;
				TARGETED_DEVICE_FAMILY = "1,2";
			};
			name = Release;
		};
		F810E7CF207179DA00326800 /* Debug */ = {
			isa = XCBuildConfiguration;
			buildSettings = {
				ALWAYS_EMBED_SWIFT_STANDARD_LIBRARIES = YES;
				BUNDLE_LOADER = "$(TEST_HOST)";
				CODE_SIGN_STYLE = Automatic;
				DEVELOPMENT_TEAM = 67H43KT2PM;
				INFOPLIST_FILE = pokedexTests/Info.plist;
				LD_RUNPATH_SEARCH_PATHS = (
					"$(inherited)",
					"@executable_path/Frameworks",
					"@loader_path/Frameworks",
				);
				PRODUCT_BUNDLE_IDENTIFIER = com.andrewmiller167.pokedexTests;
				PRODUCT_NAME = "$(TARGET_NAME)";
				SWIFT_VERSION = 4.0;
				TARGETED_DEVICE_FAMILY = "1,2";
				TEST_HOST = "$(BUILT_PRODUCTS_DIR)/pokedex.app/pokedex";
			};
			name = Debug;
		};
		F810E7D0207179DA00326800 /* Release */ = {
			isa = XCBuildConfiguration;
			buildSettings = {
				ALWAYS_EMBED_SWIFT_STANDARD_LIBRARIES = YES;
				BUNDLE_LOADER = "$(TEST_HOST)";
				CODE_SIGN_STYLE = Automatic;
				DEVELOPMENT_TEAM = 67H43KT2PM;
				INFOPLIST_FILE = pokedexTests/Info.plist;
				LD_RUNPATH_SEARCH_PATHS = (
					"$(inherited)",
					"@executable_path/Frameworks",
					"@loader_path/Frameworks",
				);
				PRODUCT_BUNDLE_IDENTIFIER = com.andrewmiller167.pokedexTests;
				PRODUCT_NAME = "$(TARGET_NAME)";
				SWIFT_VERSION = 4.0;
				TARGETED_DEVICE_FAMILY = "1,2";
				TEST_HOST = "$(BUILT_PRODUCTS_DIR)/pokedex.app/pokedex";
			};
			name = Release;
		};
		F810E7D2207179DA00326800 /* Debug */ = {
			isa = XCBuildConfiguration;
			buildSettings = {
				ALWAYS_EMBED_SWIFT_STANDARD_LIBRARIES = YES;
				CODE_SIGN_STYLE = Automatic;
				DEVELOPMENT_TEAM = 67H43KT2PM;
				INFOPLIST_FILE = pokedexUITests/Info.plist;
				LD_RUNPATH_SEARCH_PATHS = (
					"$(inherited)",
					"@executable_path/Frameworks",
					"@loader_path/Frameworks",
				);
				PRODUCT_BUNDLE_IDENTIFIER = com.andrewmiller167.pokedexUITests;
				PRODUCT_NAME = "$(TARGET_NAME)";
				SWIFT_VERSION = 4.0;
				TARGETED_DEVICE_FAMILY = "1,2";
				TEST_TARGET_NAME = pokedex;
			};
			name = Debug;
		};
		F810E7D3207179DA00326800 /* Release */ = {
			isa = XCBuildConfiguration;
			buildSettings = {
				ALWAYS_EMBED_SWIFT_STANDARD_LIBRARIES = YES;
				CODE_SIGN_STYLE = Automatic;
				DEVELOPMENT_TEAM = 67H43KT2PM;
				INFOPLIST_FILE = pokedexUITests/Info.plist;
				LD_RUNPATH_SEARCH_PATHS = (
					"$(inherited)",
					"@executable_path/Frameworks",
					"@loader_path/Frameworks",
				);
				PRODUCT_BUNDLE_IDENTIFIER = com.andrewmiller167.pokedexUITests;
				PRODUCT_NAME = "$(TARGET_NAME)";
				SWIFT_VERSION = 4.0;
				TARGETED_DEVICE_FAMILY = "1,2";
				TEST_TARGET_NAME = pokedex;
			};
			name = Release;
		};
/* End XCBuildConfiguration section */

/* Begin XCConfigurationList section */
		F810E79E207179D600326800 /* Build configuration list for PBXProject "pokedex" */ = {
			isa = XCConfigurationList;
			buildConfigurations = (
				F810E7C9207179DA00326800 /* Debug */,
				F810E7CA207179DA00326800 /* Release */,
			);
			defaultConfigurationIsVisible = 0;
			defaultConfigurationName = Release;
		};
		F810E7CB207179DA00326800 /* Build configuration list for PBXNativeTarget "pokedex" */ = {
			isa = XCConfigurationList;
			buildConfigurations = (
				F810E7CC207179DA00326800 /* Debug */,
				F810E7CD207179DA00326800 /* Release */,
			);
			defaultConfigurationIsVisible = 0;
			defaultConfigurationName = Release;
		};
		F810E7CE207179DA00326800 /* Build configuration list for PBXNativeTarget "pokedexTests" */ = {
			isa = XCConfigurationList;
			buildConfigurations = (
				F810E7CF207179DA00326800 /* Debug */,
				F810E7D0207179DA00326800 /* Release */,
			);
			defaultConfigurationIsVisible = 0;
			defaultConfigurationName = Release;
		};
		F810E7D1207179DA00326800 /* Build configuration list for PBXNativeTarget "pokedexUITests" */ = {
			isa = XCConfigurationList;
			buildConfigurations = (
				F810E7D2207179DA00326800 /* Debug */,
				F810E7D3207179DA00326800 /* Release */,
			);
			defaultConfigurationIsVisible = 0;
			defaultConfigurationName = Release;
		};
/* End XCConfigurationList section */
	};
	rootObject = F810E79B207179D600326800 /* Project object */;
}
